
Microsoft Visual Studio Solution File, Format Version 12.00
# Visual Studio Version 16
VisualStudioVersion = 16.0.29709.97
MinimumVisualStudioVersion = 10.0.40219.1
Project("{9092AA53-FB77-4645-B42D-1CCCA6BD08BD}") = "Lab_3", "Lab_3\Lab_3.njsproj", "{09B02C47-EB6A-44C3-9A74-8A74033946E6}"
EndProject
Global
	GlobalSection(SolutionConfigurationPlatforms) = preSolution
		Debug|Any CPU = Debug|Any CPU
		Release|Any CPU = Release|Any CPU
	EndGlobalSection
	GlobalSection(ProjectConfigurationPlatforms) = postSolution
		{09B02C47-EB6A-44C3-9A74-8A74033946E6}.Debug|Any CPU.ActiveCfg = Debug|Any CPU
		{09B02C47-EB6A-44C3-9A74-8A74033946E6}.Debug|Any CPU.Build.0 = Debug|Any CPU
		{09B02C47-EB6A-44C3-9A74-8A74033946E6}.Release|Any CPU.ActiveCfg = Release|Any CPU
		{09B02C47-EB6A-44C3-9A74-8A74033946E6}.Release|Any CPU.Build.0 = Release|Any CPU
	EndGlobalSection
	GlobalSection(SolutionProperties) = preSolution
		HideSolutionNode = FALSE
	EndGlobalSection
	GlobalSection(ExtensibilityGlobals) = postSolution
		SolutionGuid = {8DF77322-717A-4DCC-9052-8C308C3FF4D3}
	EndGlobalSection
EndGlobal
